// !$*UTF8*$!
{
	archiveVersion = 1;
	classes = {
	};
	objectVersion = 55;
	objects = {

/* Begin PBXBuildFile section */
		82547E55D5874B7BFF328461 /* Pods_AbjjadTask_AbjjadTaskUITests.framework in Frameworks */ = {isa = PBXBuildFile; fileRef = 5E769225C3C4ECC869DC9DB1 /* Pods_AbjjadTask_AbjjadTaskUITests.framework */; };
		96863165B3E83696A91145FD /* Pods_AbjjadTaskTests.framework in Frameworks */ = {isa = PBXBuildFile; fileRef = 6ACF0BF49DAD3191F89C69A7 /* Pods_AbjjadTaskTests.framework */; };
		C2029DBA96AAAA3100D9640D /* Pods_AbjjadTask.framework in Frameworks */ = {isa = PBXBuildFile; fileRef = 593739C5AA339AB455986DE4 /* Pods_AbjjadTask.framework */; };
		F81B95A728B1299C00B17FB5 /* Alamofire in Frameworks */ = {isa = PBXBuildFile; productRef = F81B95A628B1299C00B17FB5 /* Alamofire */; };
		F863FA9728AF8AD9002EBDC5 /* AppDelegate.swift in Sources */ = {isa = PBXBuildFile; fileRef = F863FA9628AF8AD9002EBDC5 /* AppDelegate.swift */; };
		F863FA9928AF8AD9002EBDC5 /* SceneDelegate.swift in Sources */ = {isa = PBXBuildFile; fileRef = F863FA9828AF8AD9002EBDC5 /* SceneDelegate.swift */; };
		F863FA9B28AF8AD9002EBDC5 /* ViewController.swift in Sources */ = {isa = PBXBuildFile; fileRef = F863FA9A28AF8AD9002EBDC5 /* ViewController.swift */; };
		F863FA9E28AF8AD9002EBDC5 /* Main.storyboard in Resources */ = {isa = PBXBuildFile; fileRef = F863FA9C28AF8AD9002EBDC5 /* Main.storyboard */; };
		F863FAA028AF8ADD002EBDC5 /* Assets.xcassets in Resources */ = {isa = PBXBuildFile; fileRef = F863FA9F28AF8ADD002EBDC5 /* Assets.xcassets */; };
		F863FAA328AF8ADD002EBDC5 /* LaunchScreen.storyboard in Resources */ = {isa = PBXBuildFile; fileRef = F863FAA128AF8ADD002EBDC5 /* LaunchScreen.storyboard */; };
		F863FAAE28AF8ADE002EBDC5 /* AbjjadTaskTests.swift in Sources */ = {isa = PBXBuildFile; fileRef = F863FAAD28AF8ADE002EBDC5 /* AbjjadTaskTests.swift */; };
		F863FAB828AF8ADE002EBDC5 /* AbjjadTaskUITests.swift in Sources */ = {isa = PBXBuildFile; fileRef = F863FAB728AF8ADE002EBDC5 /* AbjjadTaskUITests.swift */; };
		F863FABA28AF8ADE002EBDC5 /* AbjjadTaskUITestsLaunchTests.swift in Sources */ = {isa = PBXBuildFile; fileRef = F863FAB928AF8ADE002EBDC5 /* AbjjadTaskUITestsLaunchTests.swift */; };
		F863FAD628AF8E46002EBDC5 /* AvailableCurrencies.storyboard in Resources */ = {isa = PBXBuildFile; fileRef = F863FAC728AF8E46002EBDC5 /* AvailableCurrencies.storyboard */; };
		F863FAD728AF8E46002EBDC5 /* AvailableCurrenciesInteractorOutput.swift in Sources */ = {isa = PBXBuildFile; fileRef = F863FAC828AF8E46002EBDC5 /* AvailableCurrenciesInteractorOutput.swift */; };
		F863FAD828AF8E46002EBDC5 /* AvailableCurrenciesPresenter.swift in Sources */ = {isa = PBXBuildFile; fileRef = F863FAC928AF8E46002EBDC5 /* AvailableCurrenciesPresenter.swift */; };
		F863FAD928AF8E46002EBDC5 /* AvailableCurrenciesRouter.swift in Sources */ = {isa = PBXBuildFile; fileRef = F863FACA28AF8E46002EBDC5 /* AvailableCurrenciesRouter.swift */; };
		F863FADA28AF8E46002EBDC5 /* AvailableCurrenciesInteractorInput.swift in Sources */ = {isa = PBXBuildFile; fileRef = F863FACB28AF8E46002EBDC5 /* AvailableCurrenciesInteractorInput.swift */; };
		F863FADB28AF8E46002EBDC5 /* AvailableCurrenciesInteractorModuleFactory.swift in Sources */ = {isa = PBXBuildFile; fileRef = F863FACC28AF8E46002EBDC5 /* AvailableCurrenciesInteractorModuleFactory.swift */; };
		F863FADC28AF8E46002EBDC5 /* AvailableCurrenciesViewController.swift in Sources */ = {isa = PBXBuildFile; fileRef = F863FACD28AF8E46002EBDC5 /* AvailableCurrenciesViewController.swift */; };
		F863FADD28AF8E46002EBDC5 /* AvailableCurrenciesPresenterInput.swift in Sources */ = {isa = PBXBuildFile; fileRef = F863FACE28AF8E46002EBDC5 /* AvailableCurrenciesPresenterInput.swift */; };
		F863FADE28AF8E46002EBDC5 /* AvailableCurrenciesInteractorDataSourceProtocol.swift in Sources */ = {isa = PBXBuildFile; fileRef = F863FACF28AF8E46002EBDC5 /* AvailableCurrenciesInteractorDataSourceProtocol.swift */; };
		F863FADF28AF8E46002EBDC5 /* AvailableCurrenciesInteractor.swift in Sources */ = {isa = PBXBuildFile; fileRef = F863FAD028AF8E46002EBDC5 /* AvailableCurrenciesInteractor.swift */; };
		F863FAE028AF8E46002EBDC5 /* AvailableCurrenciesPresenterOutput.swift in Sources */ = {isa = PBXBuildFile; fileRef = F863FAD128AF8E46002EBDC5 /* AvailableCurrenciesPresenterOutput.swift */; };
		F863FAE128AF8E46002EBDC5 /* AvailableCurrenciesInteractorModuleFactoryProtocol.swift in Sources */ = {isa = PBXBuildFile; fileRef = F863FAD228AF8E46002EBDC5 /* AvailableCurrenciesInteractorModuleFactoryProtocol.swift */; };
		F863FAE228AF8E46002EBDC5 /* AvailableCurrenciesModuleFactory.swift in Sources */ = {isa = PBXBuildFile; fileRef = F863FAD328AF8E46002EBDC5 /* AvailableCurrenciesModuleFactory.swift */; };
		F863FAE328AF8E46002EBDC5 /* AvailableCurrenciesRouterProtocol.swift in Sources */ = {isa = PBXBuildFile; fileRef = F863FAD428AF8E46002EBDC5 /* AvailableCurrenciesRouterProtocol.swift */; };
		F863FAE428AF8E46002EBDC5 /* AvailableCurrenciesInteractorDataSource.swift in Sources */ = {isa = PBXBuildFile; fileRef = F863FAD528AF8E46002EBDC5 /* AvailableCurrenciesInteractorDataSource.swift */; };
		F86BF41328B036870018A1FC /* AvailableCurrenciesTableViewCell.swift in Sources */ = {isa = PBXBuildFile; fileRef = F86BF41128B036870018A1FC /* AvailableCurrenciesTableViewCell.swift */; };
		F86BF41428B036870018A1FC /* AvailableCurrenciesTableViewCell.xib in Resources */ = {isa = PBXBuildFile; fileRef = F86BF41228B036870018A1FC /* AvailableCurrenciesTableViewCell.xib */; };
		F86BF41628B038690018A1FC /* AvailableCurrenciesTableViewCellConfigurable.swift in Sources */ = {isa = PBXBuildFile; fileRef = F86BF41528B038690018A1FC /* AvailableCurrenciesTableViewCellConfigurable.swift */; };
		F8EC1DA228AFD79F007DDAB2 /* Chart.storyboard in Resources */ = {isa = PBXBuildFile; fileRef = F8EC1D9328AFD79F007DDAB2 /* Chart.storyboard */; };
		F8EC1DA328AFD79F007DDAB2 /* ChartInteractorOutput.swift in Sources */ = {isa = PBXBuildFile; fileRef = F8EC1D9428AFD79F007DDAB2 /* ChartInteractorOutput.swift */; };
		F8EC1DA428AFD79F007DDAB2 /* ChartPresenter.swift in Sources */ = {isa = PBXBuildFile; fileRef = F8EC1D9528AFD79F007DDAB2 /* ChartPresenter.swift */; };
		F8EC1DA528AFD79F007DDAB2 /* ChartRouter.swift in Sources */ = {isa = PBXBuildFile; fileRef = F8EC1D9628AFD79F007DDAB2 /* ChartRouter.swift */; };
		F8EC1DA628AFD79F007DDAB2 /* ChartInteractorInput.swift in Sources */ = {isa = PBXBuildFile; fileRef = F8EC1D9728AFD79F007DDAB2 /* ChartInteractorInput.swift */; };
		F8EC1DA728AFD79F007DDAB2 /* ChartInteractorModuleFactory.swift in Sources */ = {isa = PBXBuildFile; fileRef = F8EC1D9828AFD79F007DDAB2 /* ChartInteractorModuleFactory.swift */; };
		F8EC1DA828AFD79F007DDAB2 /* ChartViewController.swift in Sources */ = {isa = PBXBuildFile; fileRef = F8EC1D9928AFD79F007DDAB2 /* ChartViewController.swift */; };
		F8EC1DA928AFD79F007DDAB2 /* ChartPresenterInput.swift in Sources */ = {isa = PBXBuildFile; fileRef = F8EC1D9A28AFD79F007DDAB2 /* ChartPresenterInput.swift */; };
		F8EC1DAA28AFD79F007DDAB2 /* ChartInteractorDataSourceProtocol.swift in Sources */ = {isa = PBXBuildFile; fileRef = F8EC1D9B28AFD79F007DDAB2 /* ChartInteractorDataSourceProtocol.swift */; };
		F8EC1DAB28AFD79F007DDAB2 /* ChartInteractor.swift in Sources */ = {isa = PBXBuildFile; fileRef = F8EC1D9C28AFD79F007DDAB2 /* ChartInteractor.swift */; };
		F8EC1DAC28AFD79F007DDAB2 /* ChartPresenterOutput.swift in Sources */ = {isa = PBXBuildFile; fileRef = F8EC1D9D28AFD79F007DDAB2 /* ChartPresenterOutput.swift */; };
		F8EC1DAD28AFD79F007DDAB2 /* ChartInteractorModuleFactoryProtocol.swift in Sources */ = {isa = PBXBuildFile; fileRef = F8EC1D9E28AFD79F007DDAB2 /* ChartInteractorModuleFactoryProtocol.swift */; };
		F8EC1DAE28AFD79F007DDAB2 /* ChartModuleFactory.swift in Sources */ = {isa = PBXBuildFile; fileRef = F8EC1D9F28AFD79F007DDAB2 /* ChartModuleFactory.swift */; };
		F8EC1DAF28AFD79F007DDAB2 /* ChartRouterProtocol.swift in Sources */ = {isa = PBXBuildFile; fileRef = F8EC1DA028AFD79F007DDAB2 /* ChartRouterProtocol.swift */; };
		F8EC1DB028AFD79F007DDAB2 /* ChartInteractorDataSource.swift in Sources */ = {isa = PBXBuildFile; fileRef = F8EC1DA128AFD79F007DDAB2 /* ChartInteractorDataSource.swift */; };
/* End PBXBuildFile section */

/* Begin PBXContainerItemProxy section */
		F863FAAA28AF8ADE002EBDC5 /* PBXContainerItemProxy */ = {
			isa = PBXContainerItemProxy;
			containerPortal = F863FA8B28AF8AD9002EBDC5 /* Project object */;
			proxyType = 1;
			remoteGlobalIDString = F863FA9228AF8AD9002EBDC5;
			remoteInfo = AbjjadTask;
		};
		F863FAB428AF8ADE002EBDC5 /* PBXContainerItemProxy */ = {
			isa = PBXContainerItemProxy;
			containerPortal = F863FA8B28AF8AD9002EBDC5 /* Project object */;
			proxyType = 1;
			remoteGlobalIDString = F863FA9228AF8AD9002EBDC5;
			remoteInfo = AbjjadTask;
		};
/* End PBXContainerItemProxy section */

/* Begin PBXFileReference section */
		06D7DA770471C72E81850774 /* Pods-AbjjadTaskTests.debug.xcconfig */ = {isa = PBXFileReference; includeInIndex = 1; lastKnownFileType = text.xcconfig; name = "Pods-AbjjadTaskTests.debug.xcconfig"; path = "Target Support Files/Pods-AbjjadTaskTests/Pods-AbjjadTaskTests.debug.xcconfig"; sourceTree = "<group>"; };
		593739C5AA339AB455986DE4 /* Pods_AbjjadTask.framework */ = {isa = PBXFileReference; explicitFileType = wrapper.framework; includeInIndex = 0; path = Pods_AbjjadTask.framework; sourceTree = BUILT_PRODUCTS_DIR; };
		5E769225C3C4ECC869DC9DB1 /* Pods_AbjjadTask_AbjjadTaskUITests.framework */ = {isa = PBXFileReference; explicitFileType = wrapper.framework; includeInIndex = 0; path = Pods_AbjjadTask_AbjjadTaskUITests.framework; sourceTree = BUILT_PRODUCTS_DIR; };
		6ACF0BF49DAD3191F89C69A7 /* Pods_AbjjadTaskTests.framework */ = {isa = PBXFileReference; explicitFileType = wrapper.framework; includeInIndex = 0; path = Pods_AbjjadTaskTests.framework; sourceTree = BUILT_PRODUCTS_DIR; };
		6EC475B6907EF77F5F4CD394 /* Pods-AbjjadTaskTests.release.xcconfig */ = {isa = PBXFileReference; includeInIndex = 1; lastKnownFileType = text.xcconfig; name = "Pods-AbjjadTaskTests.release.xcconfig"; path = "Target Support Files/Pods-AbjjadTaskTests/Pods-AbjjadTaskTests.release.xcconfig"; sourceTree = "<group>"; };
		9F0968FD84E5E72914294538 /* Pods-AbjjadTask.release.xcconfig */ = {isa = PBXFileReference; includeInIndex = 1; lastKnownFileType = text.xcconfig; name = "Pods-AbjjadTask.release.xcconfig"; path = "Target Support Files/Pods-AbjjadTask/Pods-AbjjadTask.release.xcconfig"; sourceTree = "<group>"; };
		B97DADDA75BA39FEE4B6131F /* Pods-AbjjadTask-AbjjadTaskUITests.release.xcconfig */ = {isa = PBXFileReference; includeInIndex = 1; lastKnownFileType = text.xcconfig; name = "Pods-AbjjadTask-AbjjadTaskUITests.release.xcconfig"; path = "Target Support Files/Pods-AbjjadTask-AbjjadTaskUITests/Pods-AbjjadTask-AbjjadTaskUITests.release.xcconfig"; sourceTree = "<group>"; };
		E9168EF8F8CDD1F5FD6E2585 /* Pods-AbjjadTask-AbjjadTaskUITests.debug.xcconfig */ = {isa = PBXFileReference; includeInIndex = 1; lastKnownFileType = text.xcconfig; name = "Pods-AbjjadTask-AbjjadTaskUITests.debug.xcconfig"; path = "Target Support Files/Pods-AbjjadTask-AbjjadTaskUITests/Pods-AbjjadTask-AbjjadTaskUITests.debug.xcconfig"; sourceTree = "<group>"; };
		F863FA9328AF8AD9002EBDC5 /* AbjjadTask.app */ = {isa = PBXFileReference; explicitFileType = wrapper.application; includeInIndex = 0; path = AbjjadTask.app; sourceTree = BUILT_PRODUCTS_DIR; };
		F863FA9628AF8AD9002EBDC5 /* AppDelegate.swift */ = {isa = PBXFileReference; lastKnownFileType = sourcecode.swift; path = AppDelegate.swift; sourceTree = "<group>"; };
		F863FA9828AF8AD9002EBDC5 /* SceneDelegate.swift */ = {isa = PBXFileReference; lastKnownFileType = sourcecode.swift; path = SceneDelegate.swift; sourceTree = "<group>"; };
		F863FA9A28AF8AD9002EBDC5 /* ViewController.swift */ = {isa = PBXFileReference; lastKnownFileType = sourcecode.swift; path = ViewController.swift; sourceTree = "<group>"; };
		F863FA9D28AF8AD9002EBDC5 /* Base */ = {isa = PBXFileReference; lastKnownFileType = file.storyboard; name = Base; path = Base.lproj/Main.storyboard; sourceTree = "<group>"; };
		F863FA9F28AF8ADD002EBDC5 /* Assets.xcassets */ = {isa = PBXFileReference; lastKnownFileType = folder.assetcatalog; path = Assets.xcassets; sourceTree = "<group>"; };
		F863FAA228AF8ADD002EBDC5 /* Base */ = {isa = PBXFileReference; lastKnownFileType = file.storyboard; name = Base; path = Base.lproj/LaunchScreen.storyboard; sourceTree = "<group>"; };
		F863FAA428AF8ADD002EBDC5 /* Info.plist */ = {isa = PBXFileReference; lastKnownFileType = text.plist.xml; path = Info.plist; sourceTree = "<group>"; };
		F863FAA928AF8ADE002EBDC5 /* AbjjadTaskTests.xctest */ = {isa = PBXFileReference; explicitFileType = wrapper.cfbundle; includeInIndex = 0; path = AbjjadTaskTests.xctest; sourceTree = BUILT_PRODUCTS_DIR; };
		F863FAAD28AF8ADE002EBDC5 /* AbjjadTaskTests.swift */ = {isa = PBXFileReference; lastKnownFileType = sourcecode.swift; path = AbjjadTaskTests.swift; sourceTree = "<group>"; };
		F863FAB328AF8ADE002EBDC5 /* AbjjadTaskUITests.xctest */ = {isa = PBXFileReference; explicitFileType = wrapper.cfbundle; includeInIndex = 0; path = AbjjadTaskUITests.xctest; sourceTree = BUILT_PRODUCTS_DIR; };
		F863FAB728AF8ADE002EBDC5 /* AbjjadTaskUITests.swift */ = {isa = PBXFileReference; lastKnownFileType = sourcecode.swift; path = AbjjadTaskUITests.swift; sourceTree = "<group>"; };
		F863FAB928AF8ADE002EBDC5 /* AbjjadTaskUITestsLaunchTests.swift */ = {isa = PBXFileReference; lastKnownFileType = sourcecode.swift; path = AbjjadTaskUITestsLaunchTests.swift; sourceTree = "<group>"; };
		F863FAC728AF8E46002EBDC5 /* AvailableCurrencies.storyboard */ = {isa = PBXFileReference; lastKnownFileType = file.storyboard; path = AvailableCurrencies.storyboard; sourceTree = "<group>"; };
		F863FAC828AF8E46002EBDC5 /* AvailableCurrenciesInteractorOutput.swift */ = {isa = PBXFileReference; lastKnownFileType = sourcecode.swift; path = AvailableCurrenciesInteractorOutput.swift; sourceTree = "<group>"; };
		F863FAC928AF8E46002EBDC5 /* AvailableCurrenciesPresenter.swift */ = {isa = PBXFileReference; lastKnownFileType = sourcecode.swift; path = AvailableCurrenciesPresenter.swift; sourceTree = "<group>"; };
		F863FACA28AF8E46002EBDC5 /* AvailableCurrenciesRouter.swift */ = {isa = PBXFileReference; lastKnownFileType = sourcecode.swift; path = AvailableCurrenciesRouter.swift; sourceTree = "<group>"; };
		F863FACB28AF8E46002EBDC5 /* AvailableCurrenciesInteractorInput.swift */ = {isa = PBXFileReference; lastKnownFileType = sourcecode.swift; path = AvailableCurrenciesInteractorInput.swift; sourceTree = "<group>"; };
		F863FACC28AF8E46002EBDC5 /* AvailableCurrenciesInteractorModuleFactory.swift */ = {isa = PBXFileReference; lastKnownFileType = sourcecode.swift; path = AvailableCurrenciesInteractorModuleFactory.swift; sourceTree = "<group>"; };
		F863FACD28AF8E46002EBDC5 /* AvailableCurrenciesViewController.swift */ = {isa = PBXFileReference; lastKnownFileType = sourcecode.swift; path = AvailableCurrenciesViewController.swift; sourceTree = "<group>"; };
		F863FACE28AF8E46002EBDC5 /* AvailableCurrenciesPresenterInput.swift */ = {isa = PBXFileReference; lastKnownFileType = sourcecode.swift; path = AvailableCurrenciesPresenterInput.swift; sourceTree = "<group>"; };
		F863FACF28AF8E46002EBDC5 /* AvailableCurrenciesInteractorDataSourceProtocol.swift */ = {isa = PBXFileReference; lastKnownFileType = sourcecode.swift; path = AvailableCurrenciesInteractorDataSourceProtocol.swift; sourceTree = "<group>"; };
		F863FAD028AF8E46002EBDC5 /* AvailableCurrenciesInteractor.swift */ = {isa = PBXFileReference; lastKnownFileType = sourcecode.swift; path = AvailableCurrenciesInteractor.swift; sourceTree = "<group>"; };
		F863FAD128AF8E46002EBDC5 /* AvailableCurrenciesPresenterOutput.swift */ = {isa = PBXFileReference; lastKnownFileType = sourcecode.swift; path = AvailableCurrenciesPresenterOutput.swift; sourceTree = "<group>"; };
		F863FAD228AF8E46002EBDC5 /* AvailableCurrenciesInteractorModuleFactoryProtocol.swift */ = {isa = PBXFileReference; lastKnownFileType = sourcecode.swift; path = AvailableCurrenciesInteractorModuleFactoryProtocol.swift; sourceTree = "<group>"; };
		F863FAD328AF8E46002EBDC5 /* AvailableCurrenciesModuleFactory.swift */ = {isa = PBXFileReference; lastKnownFileType = sourcecode.swift; path = AvailableCurrenciesModuleFactory.swift; sourceTree = "<group>"; };
		F863FAD428AF8E46002EBDC5 /* AvailableCurrenciesRouterProtocol.swift */ = {isa = PBXFileReference; lastKnownFileType = sourcecode.swift; path = AvailableCurrenciesRouterProtocol.swift; sourceTree = "<group>"; };
		F863FAD528AF8E46002EBDC5 /* AvailableCurrenciesInteractorDataSource.swift */ = {isa = PBXFileReference; lastKnownFileType = sourcecode.swift; path = AvailableCurrenciesInteractorDataSource.swift; sourceTree = "<group>"; };
		F86BF41128B036870018A1FC /* AvailableCurrenciesTableViewCell.swift */ = {isa = PBXFileReference; lastKnownFileType = sourcecode.swift; path = AvailableCurrenciesTableViewCell.swift; sourceTree = "<group>"; };
		F86BF41228B036870018A1FC /* AvailableCurrenciesTableViewCell.xib */ = {isa = PBXFileReference; lastKnownFileType = file.xib; path = AvailableCurrenciesTableViewCell.xib; sourceTree = "<group>"; };
		F86BF41528B038690018A1FC /* AvailableCurrenciesTableViewCellConfigurable.swift */ = {isa = PBXFileReference; lastKnownFileType = sourcecode.swift; path = AvailableCurrenciesTableViewCellConfigurable.swift; sourceTree = "<group>"; };
		F8EC1D9328AFD79F007DDAB2 /* Chart.storyboard */ = {isa = PBXFileReference; lastKnownFileType = file.storyboard; path = Chart.storyboard; sourceTree = "<group>"; };
		F8EC1D9428AFD79F007DDAB2 /* ChartInteractorOutput.swift */ = {isa = PBXFileReference; lastKnownFileType = sourcecode.swift; path = ChartInteractorOutput.swift; sourceTree = "<group>"; };
		F8EC1D9528AFD79F007DDAB2 /* ChartPresenter.swift */ = {isa = PBXFileReference; lastKnownFileType = sourcecode.swift; path = ChartPresenter.swift; sourceTree = "<group>"; };
		F8EC1D9628AFD79F007DDAB2 /* ChartRouter.swift */ = {isa = PBXFileReference; lastKnownFileType = sourcecode.swift; path = ChartRouter.swift; sourceTree = "<group>"; };
		F8EC1D9728AFD79F007DDAB2 /* ChartInteractorInput.swift */ = {isa = PBXFileReference; lastKnownFileType = sourcecode.swift; path = ChartInteractorInput.swift; sourceTree = "<group>"; };
		F8EC1D9828AFD79F007DDAB2 /* ChartInteractorModuleFactory.swift */ = {isa = PBXFileReference; lastKnownFileType = sourcecode.swift; path = ChartInteractorModuleFactory.swift; sourceTree = "<group>"; };
		F8EC1D9928AFD79F007DDAB2 /* ChartViewController.swift */ = {isa = PBXFileReference; lastKnownFileType = sourcecode.swift; path = ChartViewController.swift; sourceTree = "<group>"; };
		F8EC1D9A28AFD79F007DDAB2 /* ChartPresenterInput.swift */ = {isa = PBXFileReference; lastKnownFileType = sourcecode.swift; path = ChartPresenterInput.swift; sourceTree = "<group>"; };
		F8EC1D9B28AFD79F007DDAB2 /* ChartInteractorDataSourceProtocol.swift */ = {isa = PBXFileReference; lastKnownFileType = sourcecode.swift; path = ChartInteractorDataSourceProtocol.swift; sourceTree = "<group>"; };
		F8EC1D9C28AFD79F007DDAB2 /* ChartInteractor.swift */ = {isa = PBXFileReference; lastKnownFileType = sourcecode.swift; path = ChartInteractor.swift; sourceTree = "<group>"; };
		F8EC1D9D28AFD79F007DDAB2 /* ChartPresenterOutput.swift */ = {isa = PBXFileReference; lastKnownFileType = sourcecode.swift; path = ChartPresenterOutput.swift; sourceTree = "<group>"; };
		F8EC1D9E28AFD79F007DDAB2 /* ChartInteractorModuleFactoryProtocol.swift */ = {isa = PBXFileReference; lastKnownFileType = sourcecode.swift; path = ChartInteractorModuleFactoryProtocol.swift; sourceTree = "<group>"; };
		F8EC1D9F28AFD79F007DDAB2 /* ChartModuleFactory.swift */ = {isa = PBXFileReference; lastKnownFileType = sourcecode.swift; path = ChartModuleFactory.swift; sourceTree = "<group>"; };
		F8EC1DA028AFD79F007DDAB2 /* ChartRouterProtocol.swift */ = {isa = PBXFileReference; lastKnownFileType = sourcecode.swift; path = ChartRouterProtocol.swift; sourceTree = "<group>"; };
		F8EC1DA128AFD79F007DDAB2 /* ChartInteractorDataSource.swift */ = {isa = PBXFileReference; lastKnownFileType = sourcecode.swift; path = ChartInteractorDataSource.swift; sourceTree = "<group>"; };
		FC7213A87677083654057C49 /* Pods-AbjjadTask.debug.xcconfig */ = {isa = PBXFileReference; includeInIndex = 1; lastKnownFileType = text.xcconfig; name = "Pods-AbjjadTask.debug.xcconfig"; path = "Target Support Files/Pods-AbjjadTask/Pods-AbjjadTask.debug.xcconfig"; sourceTree = "<group>"; };
/* End PBXFileReference section */

/* Begin PBXFrameworksBuildPhase section */
		F863FA9028AF8AD9002EBDC5 /* Frameworks */ = {
			isa = PBXFrameworksBuildPhase;
			buildActionMask = 2147483647;
			files = (
				F81B95A728B1299C00B17FB5 /* Alamofire in Frameworks */,
				C2029DBA96AAAA3100D9640D /* Pods_AbjjadTask.framework in Frameworks */,
			);
			runOnlyForDeploymentPostprocessing = 0;
		};
		F863FAA628AF8ADE002EBDC5 /* Frameworks */ = {
			isa = PBXFrameworksBuildPhase;
			buildActionMask = 2147483647;
			files = (
				96863165B3E83696A91145FD /* Pods_AbjjadTaskTests.framework in Frameworks */,
			);
			runOnlyForDeploymentPostprocessing = 0;
		};
		F863FAB028AF8ADE002EBDC5 /* Frameworks */ = {
			isa = PBXFrameworksBuildPhase;
			buildActionMask = 2147483647;
			files = (
				82547E55D5874B7BFF328461 /* Pods_AbjjadTask_AbjjadTaskUITests.framework in Frameworks */,
			);
			runOnlyForDeploymentPostprocessing = 0;
		};
/* End PBXFrameworksBuildPhase section */

/* Begin PBXGroup section */
		80E921CA0603DFC5F0724AD7 /* Frameworks */ = {
			isa = PBXGroup;
			children = (
				593739C5AA339AB455986DE4 /* Pods_AbjjadTask.framework */,
				5E769225C3C4ECC869DC9DB1 /* Pods_AbjjadTask_AbjjadTaskUITests.framework */,
				6ACF0BF49DAD3191F89C69A7 /* Pods_AbjjadTaskTests.framework */,
			);
			name = Frameworks;
			sourceTree = "<group>";
		};
		DD262E1A5D3941A76176EB53 /* Pods */ = {
			isa = PBXGroup;
			children = (
				FC7213A87677083654057C49 /* Pods-AbjjadTask.debug.xcconfig */,
				9F0968FD84E5E72914294538 /* Pods-AbjjadTask.release.xcconfig */,
				E9168EF8F8CDD1F5FD6E2585 /* Pods-AbjjadTask-AbjjadTaskUITests.debug.xcconfig */,
				B97DADDA75BA39FEE4B6131F /* Pods-AbjjadTask-AbjjadTaskUITests.release.xcconfig */,
				06D7DA770471C72E81850774 /* Pods-AbjjadTaskTests.debug.xcconfig */,
				6EC475B6907EF77F5F4CD394 /* Pods-AbjjadTaskTests.release.xcconfig */,
			);
			path = Pods;
			sourceTree = "<group>";
		};
		F8166C8C28AFC5D000736D13 /* interactor */ = {
			isa = PBXGroup;
			children = (
				F863FAC828AF8E46002EBDC5 /* AvailableCurrenciesInteractorOutput.swift */,
				F863FACB28AF8E46002EBDC5 /* AvailableCurrenciesInteractorInput.swift */,
				F863FAD028AF8E46002EBDC5 /* AvailableCurrenciesInteractor.swift */,
			);
			path = interactor;
			sourceTree = "<group>";
		};
		F8166C8D28AFC5F800736D13 /* Module factory */ = {
			isa = PBXGroup;
			children = (
				F863FACC28AF8E46002EBDC5 /* AvailableCurrenciesInteractorModuleFactory.swift */,
				F863FAD228AF8E46002EBDC5 /* AvailableCurrenciesInteractorModuleFactoryProtocol.swift */,
			);
			path = "Module factory";
			sourceTree = "<group>";
		};
		F8166C8E28AFC60F00736D13 /* Data Source */ = {
			isa = PBXGroup;
			children = (
				F863FACF28AF8E46002EBDC5 /* AvailableCurrenciesInteractorDataSourceProtocol.swift */,
				F863FAD528AF8E46002EBDC5 /* AvailableCurrenciesInteractorDataSource.swift */,
			);
			path = "Data Source";
			sourceTree = "<group>";
		};
		F81B959728B0FDFC00B17FB5 /* Business logic */ = {
			isa = PBXGroup;
			children = (
				F81B959928B0FEEE00B17FB5 /* interactor */,
				F81B959A28B0FF0B00B17FB5 /* Module factory */,
				F81B959B28B0FF2000B17FB5 /* Data source */,
			);
			path = "Business logic";
			sourceTree = "<group>";
		};
		F81B959828B0FE0300B17FB5 /* User interface */ = {
			isa = PBXGroup;
			children = (
				F81B959C28B0FF5300B17FB5 /* Presenter */,
				F81B959D28B0FF6700B17FB5 /* View */,
				F81B959E28B0FF7B00B17FB5 /* Router */,
			);
			path = "User interface";
			sourceTree = "<group>";
		};
		F81B959928B0FEEE00B17FB5 /* interactor */ = {
			isa = PBXGroup;
			children = (
				F8EC1D9428AFD79F007DDAB2 /* ChartInteractorOutput.swift */,
				F8EC1D9728AFD79F007DDAB2 /* ChartInteractorInput.swift */,
				F8EC1D9C28AFD79F007DDAB2 /* ChartInteractor.swift */,
			);
			path = interactor;
			sourceTree = "<group>";
		};
		F81B959A28B0FF0B00B17FB5 /* Module factory */ = {
			isa = PBXGroup;
			children = (
				F8EC1D9828AFD79F007DDAB2 /* ChartInteractorModuleFactory.swift */,
				F8EC1D9E28AFD79F007DDAB2 /* ChartInteractorModuleFactoryProtocol.swift */,
			);
			path = "Module factory";
			sourceTree = "<group>";
		};
		F81B959B28B0FF2000B17FB5 /* Data source */ = {
			isa = PBXGroup;
			children = (
				F8EC1D9B28AFD79F007DDAB2 /* ChartInteractorDataSourceProtocol.swift */,
				F8EC1DA128AFD79F007DDAB2 /* ChartInteractorDataSource.swift */,
			);
			path = "Data source";
			sourceTree = "<group>";
		};
		F81B959C28B0FF5300B17FB5 /* Presenter */ = {
			isa = PBXGroup;
			children = (
				F8EC1D9528AFD79F007DDAB2 /* ChartPresenter.swift */,
				F8EC1D9A28AFD79F007DDAB2 /* ChartPresenterInput.swift */,
				F8EC1D9D28AFD79F007DDAB2 /* ChartPresenterOutput.swift */,
			);
			path = Presenter;
			sourceTree = "<group>";
		};
		F81B959D28B0FF6700B17FB5 /* View */ = {
			isa = PBXGroup;
			children = (
				F8EC1D9328AFD79F007DDAB2 /* Chart.storyboard */,
				F8EC1D9928AFD79F007DDAB2 /* ChartViewController.swift */,
			);
			path = View;
			sourceTree = "<group>";
		};
		F81B959E28B0FF7B00B17FB5 /* Router */ = {
			isa = PBXGroup;
			children = (
				F8EC1D9628AFD79F007DDAB2 /* ChartRouter.swift */,
				F8EC1DA028AFD79F007DDAB2 /* ChartRouterProtocol.swift */,
			);
			path = Router;
			sourceTree = "<group>";
		};
		F81B959F28B123C600B17FB5 /* Router */ = {
			isa = PBXGroup;
			children = (
				F863FACA28AF8E46002EBDC5 /* AvailableCurrenciesRouter.swift */,
				F863FAD428AF8E46002EBDC5 /* AvailableCurrenciesRouterProtocol.swift */,
			);
			path = Router;
			sourceTree = "<group>";
		};
		F863FA8A28AF8AD9002EBDC5 = {
			isa = PBXGroup;
			children = (
				F863FA9528AF8AD9002EBDC5 /* AbjjadTask */,
				F863FAAC28AF8ADE002EBDC5 /* AbjjadTaskTests */,
				F863FAB628AF8ADE002EBDC5 /* AbjjadTaskUITests */,
				F863FA9428AF8AD9002EBDC5 /* Products */,
				DD262E1A5D3941A76176EB53 /* Pods */,
				80E921CA0603DFC5F0724AD7 /* Frameworks */,
			);
			sourceTree = "<group>";
		};
		F863FA9428AF8AD9002EBDC5 /* Products */ = {
			isa = PBXGroup;
			children = (
				F863FA9328AF8AD9002EBDC5 /* AbjjadTask.app */,
				F863FAA928AF8ADE002EBDC5 /* AbjjadTaskTests.xctest */,
				F863FAB328AF8ADE002EBDC5 /* AbjjadTaskUITests.xctest */,
			);
			name = Products;
			sourceTree = "<group>";
		};
		F863FA9528AF8AD9002EBDC5 /* AbjjadTask */ = {
			isa = PBXGroup;
			children = (
				F863FAC628AF8BF0002EBDC5 /* Modules */,
				F863FA9628AF8AD9002EBDC5 /* AppDelegate.swift */,
				F863FA9828AF8AD9002EBDC5 /* SceneDelegate.swift */,
				F863FA9A28AF8AD9002EBDC5 /* ViewController.swift */,
				F863FA9C28AF8AD9002EBDC5 /* Main.storyboard */,
				F863FA9F28AF8ADD002EBDC5 /* Assets.xcassets */,
				F863FAA128AF8ADD002EBDC5 /* LaunchScreen.storyboard */,
				F863FAA428AF8ADD002EBDC5 /* Info.plist */,
			);
			path = AbjjadTask;
			sourceTree = "<group>";
		};
		F863FAAC28AF8ADE002EBDC5 /* AbjjadTaskTests */ = {
			isa = PBXGroup;
			children = (
				F863FAAD28AF8ADE002EBDC5 /* AbjjadTaskTests.swift */,
			);
			path = AbjjadTaskTests;
			sourceTree = "<group>";
		};
		F863FAB628AF8ADE002EBDC5 /* AbjjadTaskUITests */ = {
			isa = PBXGroup;
			children = (
				F863FAB728AF8ADE002EBDC5 /* AbjjadTaskUITests.swift */,
				F863FAB928AF8ADE002EBDC5 /* AbjjadTaskUITestsLaunchTests.swift */,
			);
			path = AbjjadTaskUITests;
			sourceTree = "<group>";
		};
		F863FAC628AF8BF0002EBDC5 /* Modules */ = {
			isa = PBXGroup;
			children = (
				F8EC1D9228AFD779007DDAB2 /* Chart */,
				F863FAE528AF8E59002EBDC5 /* AvailableCurrencies */,
			);
			path = Modules;
			sourceTree = "<group>";
		};
		F863FAE528AF8E59002EBDC5 /* AvailableCurrencies */ = {
			isa = PBXGroup;
			children = (
				F863FAD328AF8E46002EBDC5 /* AvailableCurrenciesModuleFactory.swift */,
				F863FAE728AF8F4C002EBDC5 /* Business logic */,
				F863FAE628AF8F42002EBDC5 /* User interface */,
			);
			path = AvailableCurrencies;
			sourceTree = "<group>";
		};
		F863FAE628AF8F42002EBDC5 /* User interface */ = {
			isa = PBXGroup;
			children = (
				F863FAE828AF8FED002EBDC5 /* Presenter */,
				F863FAE928AF8FFB002EBDC5 /* View */,
				F81B959F28B123C600B17FB5 /* Router */,
			);
			path = "User interface";
			sourceTree = "<group>";
		};
		F863FAE728AF8F4C002EBDC5 /* Business logic */ = {
			isa = PBXGroup;
			children = (
				F8166C8C28AFC5D000736D13 /* interactor */,
				F8166C8D28AFC5F800736D13 /* Module factory */,
				F8166C8E28AFC60F00736D13 /* Data Source */,
			);
			path = "Business logic";
			sourceTree = "<group>";
		};
		F863FAE828AF8FED002EBDC5 /* Presenter */ = {
			isa = PBXGroup;
			children = (
				F863FAC928AF8E46002EBDC5 /* AvailableCurrenciesPresenter.swift */,
				F863FACE28AF8E46002EBDC5 /* AvailableCurrenciesPresenterInput.swift */,
				F863FAD128AF8E46002EBDC5 /* AvailableCurrenciesPresenterOutput.swift */,
			);
			path = Presenter;
			sourceTree = "<group>";
		};
		F863FAE928AF8FFB002EBDC5 /* View */ = {
			isa = PBXGroup;
			children = (
				F86BF41028B036670018A1FC /* Cell */,
				F863FAC728AF8E46002EBDC5 /* AvailableCurrencies.storyboard */,
				F863FACD28AF8E46002EBDC5 /* AvailableCurrenciesViewController.swift */,
			);
			path = View;
			sourceTree = "<group>";
		};
		F86BF41028B036670018A1FC /* Cell */ = {
			isa = PBXGroup;
			children = (
				F86BF41128B036870018A1FC /* AvailableCurrenciesTableViewCell.swift */,
				F86BF41228B036870018A1FC /* AvailableCurrenciesTableViewCell.xib */,
				F86BF41528B038690018A1FC /* AvailableCurrenciesTableViewCellConfigurable.swift */,
			);
			path = Cell;
			sourceTree = "<group>";
		};
		F8EC1D9228AFD779007DDAB2 /* Chart */ = {
			isa = PBXGroup;
			children = (
				F8EC1D9F28AFD79F007DDAB2 /* ChartModuleFactory.swift */,
				F81B959728B0FDFC00B17FB5 /* Business logic */,
				F81B959828B0FE0300B17FB5 /* User interface */,
			);
			path = Chart;
			sourceTree = "<group>";
		};
/* End PBXGroup section */

/* Begin PBXNativeTarget section */
		F863FA9228AF8AD9002EBDC5 /* AbjjadTask */ = {
			isa = PBXNativeTarget;
			buildConfigurationList = F863FABD28AF8ADE002EBDC5 /* Build configuration list for PBXNativeTarget "AbjjadTask" */;
			buildPhases = (
				D38D522BF73926C02E4DEC41 /* [CP] Check Pods Manifest.lock */,
				F863FA8F28AF8AD9002EBDC5 /* Sources */,
				F863FA9028AF8AD9002EBDC5 /* Frameworks */,
				F863FA9128AF8AD9002EBDC5 /* Resources */,
				C353DE1686A72A335E210132 /* [CP] Embed Pods Frameworks */,
			);
			buildRules = (
			);
			dependencies = (
			);
			name = AbjjadTask;
			packageProductDependencies = (
				F81B95A628B1299C00B17FB5 /* Alamofire */,
			);
			productName = AbjjadTask;
			productReference = F863FA9328AF8AD9002EBDC5 /* AbjjadTask.app */;
			productType = "com.apple.product-type.application";
		};
		F863FAA828AF8ADE002EBDC5 /* AbjjadTaskTests */ = {
			isa = PBXNativeTarget;
			buildConfigurationList = F863FAC028AF8ADE002EBDC5 /* Build configuration list for PBXNativeTarget "AbjjadTaskTests" */;
			buildPhases = (
				3C64455D3D0B80D92DB7D2B7 /* [CP] Check Pods Manifest.lock */,
				F863FAA528AF8ADE002EBDC5 /* Sources */,
				F863FAA628AF8ADE002EBDC5 /* Frameworks */,
				F863FAA728AF8ADE002EBDC5 /* Resources */,
			);
			buildRules = (
			);
			dependencies = (
				F863FAAB28AF8ADE002EBDC5 /* PBXTargetDependency */,
			);
			name = AbjjadTaskTests;
			productName = AbjjadTaskTests;
			productReference = F863FAA928AF8ADE002EBDC5 /* AbjjadTaskTests.xctest */;
			productType = "com.apple.product-type.bundle.unit-test";
		};
		F863FAB228AF8ADE002EBDC5 /* AbjjadTaskUITests */ = {
			isa = PBXNativeTarget;
			buildConfigurationList = F863FAC328AF8ADE002EBDC5 /* Build configuration list for PBXNativeTarget "AbjjadTaskUITests" */;
			buildPhases = (
				4556F5C83A1F6AFE0F291D44 /* [CP] Check Pods Manifest.lock */,
				F863FAAF28AF8ADE002EBDC5 /* Sources */,
				F863FAB028AF8ADE002EBDC5 /* Frameworks */,
				F863FAB128AF8ADE002EBDC5 /* Resources */,
				8FEF65200FF09DEB2C23FDE3 /* [CP] Embed Pods Frameworks */,
			);
			buildRules = (
			);
			dependencies = (
				F863FAB528AF8ADE002EBDC5 /* PBXTargetDependency */,
			);
			name = AbjjadTaskUITests;
			productName = AbjjadTaskUITests;
			productReference = F863FAB328AF8ADE002EBDC5 /* AbjjadTaskUITests.xctest */;
			productType = "com.apple.product-type.bundle.ui-testing";
		};
/* End PBXNativeTarget section */

/* Begin PBXProject section */
		F863FA8B28AF8AD9002EBDC5 /* Project object */ = {
			isa = PBXProject;
			attributes = {
				BuildIndependentTargetsInParallel = 1;
				LastSwiftUpdateCheck = 1310;
				LastUpgradeCheck = 1310;
				TargetAttributes = {
					F863FA9228AF8AD9002EBDC5 = {
						CreatedOnToolsVersion = 13.1;
					};
					F863FAA828AF8ADE002EBDC5 = {
						CreatedOnToolsVersion = 13.1;
						TestTargetID = F863FA9228AF8AD9002EBDC5;
					};
					F863FAB228AF8ADE002EBDC5 = {
						CreatedOnToolsVersion = 13.1;
						TestTargetID = F863FA9228AF8AD9002EBDC5;
					};
				};
			};
			buildConfigurationList = F863FA8E28AF8AD9002EBDC5 /* Build configuration list for PBXProject "AbjjadTask" */;
			compatibilityVersion = "Xcode 13.0";
			developmentRegion = en;
			hasScannedForEncodings = 0;
			knownRegions = (
				en,
				Base,
			);
			mainGroup = F863FA8A28AF8AD9002EBDC5;
			packageReferences = (
				F81B95A528B1299C00B17FB5 /* XCRemoteSwiftPackageReference "Alamofire" */,
			);
			productRefGroup = F863FA9428AF8AD9002EBDC5 /* Products */;
			projectDirPath = "";
			projectRoot = "";
			targets = (
				F863FA9228AF8AD9002EBDC5 /* AbjjadTask */,
				F863FAA828AF8ADE002EBDC5 /* AbjjadTaskTests */,
				F863FAB228AF8ADE002EBDC5 /* AbjjadTaskUITests */,
			);
		};
/* End PBXProject section */

/* Begin PBXResourcesBuildPhase section */
		F863FA9128AF8AD9002EBDC5 /* Resources */ = {
			isa = PBXResourcesBuildPhase;
			buildActionMask = 2147483647;
			files = (
				F86BF41428B036870018A1FC /* AvailableCurrenciesTableViewCell.xib in Resources */,
				F863FAA328AF8ADD002EBDC5 /* LaunchScreen.storyboard in Resources */,
				F863FAD628AF8E46002EBDC5 /* AvailableCurrencies.storyboard in Resources */,
				F8EC1DA228AFD79F007DDAB2 /* Chart.storyboard in Resources */,
				F863FAA028AF8ADD002EBDC5 /* Assets.xcassets in Resources */,
				F863FA9E28AF8AD9002EBDC5 /* Main.storyboard in Resources */,
			);
			runOnlyForDeploymentPostprocessing = 0;
		};
		F863FAA728AF8ADE002EBDC5 /* Resources */ = {
			isa = PBXResourcesBuildPhase;
			buildActionMask = 2147483647;
			files = (
			);
			runOnlyForDeploymentPostprocessing = 0;
		};
		F863FAB128AF8ADE002EBDC5 /* Resources */ = {
			isa = PBXResourcesBuildPhase;
			buildActionMask = 2147483647;
			files = (
			);
			runOnlyForDeploymentPostprocessing = 0;
		};
/* End PBXResourcesBuildPhase section */

/* Begin PBXShellScriptBuildPhase section */
		3C64455D3D0B80D92DB7D2B7 /* [CP] Check Pods Manifest.lock */ = {
			isa = PBXShellScriptBuildPhase;
			buildActionMask = 2147483647;
			files = (
			);
			inputFileListPaths = (
			);
			inputPaths = (
				"${PODS_PODFILE_DIR_PATH}/Podfile.lock",
				"${PODS_ROOT}/Manifest.lock",
			);
			name = "[CP] Check Pods Manifest.lock";
			outputFileListPaths = (
			);
			outputPaths = (
				"$(DERIVED_FILE_DIR)/Pods-AbjjadTaskTests-checkManifestLockResult.txt",
			);
			runOnlyForDeploymentPostprocessing = 0;
			shellPath = /bin/sh;
			shellScript = "diff \"${PODS_PODFILE_DIR_PATH}/Podfile.lock\" \"${PODS_ROOT}/Manifest.lock\" > /dev/null\nif [ $? != 0 ] ; then\n    # print error to STDERR\n    echo \"error: The sandbox is not in sync with the Podfile.lock. Run 'pod install' or update your CocoaPods installation.\" >&2\n    exit 1\nfi\n# This output is used by Xcode 'outputs' to avoid re-running this script phase.\necho \"SUCCESS\" > \"${SCRIPT_OUTPUT_FILE_0}\"\n";
			showEnvVarsInLog = 0;
		};
		4556F5C83A1F6AFE0F291D44 /* [CP] Check Pods Manifest.lock */ = {
			isa = PBXShellScriptBuildPhase;
			buildActionMask = 2147483647;
			files = (
			);
			inputFileListPaths = (
			);
			inputPaths = (
				"${PODS_PODFILE_DIR_PATH}/Podfile.lock",
				"${PODS_ROOT}/Manifest.lock",
			);
			name = "[CP] Check Pods Manifest.lock";
			outputFileListPaths = (
			);
			outputPaths = (
				"$(DERIVED_FILE_DIR)/Pods-AbjjadTask-AbjjadTaskUITests-checkManifestLockResult.txt",
			);
			runOnlyForDeploymentPostprocessing = 0;
			shellPath = /bin/sh;
			shellScript = "diff \"${PODS_PODFILE_DIR_PATH}/Podfile.lock\" \"${PODS_ROOT}/Manifest.lock\" > /dev/null\nif [ $? != 0 ] ; then\n    # print error to STDERR\n    echo \"error: The sandbox is not in sync with the Podfile.lock. Run 'pod install' or update your CocoaPods installation.\" >&2\n    exit 1\nfi\n# This output is used by Xcode 'outputs' to avoid re-running this script phase.\necho \"SUCCESS\" > \"${SCRIPT_OUTPUT_FILE_0}\"\n";
			showEnvVarsInLog = 0;
		};
		8FEF65200FF09DEB2C23FDE3 /* [CP] Embed Pods Frameworks */ = {
			isa = PBXShellScriptBuildPhase;
			buildActionMask = 2147483647;
			files = (
			);
			inputFileListPaths = (
				"${PODS_ROOT}/Target Support Files/Pods-AbjjadTask-AbjjadTaskUITests/Pods-AbjjadTask-AbjjadTaskUITests-frameworks-${CONFIGURATION}-input-files.xcfilelist",
			);
			name = "[CP] Embed Pods Frameworks";
			outputFileListPaths = (
				"${PODS_ROOT}/Target Support Files/Pods-AbjjadTask-AbjjadTaskUITests/Pods-AbjjadTask-AbjjadTaskUITests-frameworks-${CONFIGURATION}-output-files.xcfilelist",
			);
			runOnlyForDeploymentPostprocessing = 0;
			shellPath = /bin/sh;
			shellScript = "\"${PODS_ROOT}/Target Support Files/Pods-AbjjadTask-AbjjadTaskUITests/Pods-AbjjadTask-AbjjadTaskUITests-frameworks.sh\"\n";
			showEnvVarsInLog = 0;
		};
		C353DE1686A72A335E210132 /* [CP] Embed Pods Frameworks */ = {
			isa = PBXShellScriptBuildPhase;
			buildActionMask = 2147483647;
			files = (
			);
			inputFileListPaths = (
				"${PODS_ROOT}/Target Support Files/Pods-AbjjadTask/Pods-AbjjadTask-frameworks-${CONFIGURATION}-input-files.xcfilelist",
			);
			name = "[CP] Embed Pods Frameworks";
			outputFileListPaths = (
				"${PODS_ROOT}/Target Support Files/Pods-AbjjadTask/Pods-AbjjadTask-frameworks-${CONFIGURATION}-output-files.xcfilelist",
			);
			runOnlyForDeploymentPostprocessing = 0;
			shellPath = /bin/sh;
			shellScript = "\"${PODS_ROOT}/Target Support Files/Pods-AbjjadTask/Pods-AbjjadTask-frameworks.sh\"\n";
			showEnvVarsInLog = 0;
		};
		D38D522BF73926C02E4DEC41 /* [CP] Check Pods Manifest.lock */ = {
			isa = PBXShellScriptBuildPhase;
			buildActionMask = 2147483647;
			files = (
			);
			inputFileListPaths = (
			);
			inputPaths = (
				"${PODS_PODFILE_DIR_PATH}/Podfile.lock",
				"${PODS_ROOT}/Manifest.lock",
			);
			name = "[CP] Check Pods Manifest.lock";
			outputFileListPaths = (
			);
			outputPaths = (
				"$(DERIVED_FILE_DIR)/Pods-AbjjadTask-checkManifestLockResult.txt",
			);
			runOnlyForDeploymentPostprocessing = 0;
			shellPath = /bin/sh;
			shellScript = "diff \"${PODS_PODFILE_DIR_PATH}/Podfile.lock\" \"${PODS_ROOT}/Manifest.lock\" > /dev/null\nif [ $? != 0 ] ; then\n    # print error to STDERR\n    echo \"error: The sandbox is not in sync with the Podfile.lock. Run 'pod install' or update your CocoaPods installation.\" >&2\n    exit 1\nfi\n# This output is used by Xcode 'outputs' to avoid re-running this script phase.\necho \"SUCCESS\" > \"${SCRIPT_OUTPUT_FILE_0}\"\n";
			showEnvVarsInLog = 0;
		};
/* End PBXShellScriptBuildPhase section */

/* Begin PBXSourcesBuildPhase section */
		F863FA8F28AF8AD9002EBDC5 /* Sources */ = {
			isa = PBXSourcesBuildPhase;
			buildActionMask = 2147483647;
			files = (
				F863FADB28AF8E46002EBDC5 /* AvailableCurrenciesInteractorModuleFactory.swift in Sources */,
				F8EC1DAE28AFD79F007DDAB2 /* ChartModuleFactory.swift in Sources */,
				F8EC1DAB28AFD79F007DDAB2 /* ChartInteractor.swift in Sources */,
				F8EC1DA828AFD79F007DDAB2 /* ChartViewController.swift in Sources */,
				F863FADF28AF8E46002EBDC5 /* AvailableCurrenciesInteractor.swift in Sources */,
				F863FAE028AF8E46002EBDC5 /* AvailableCurrenciesPresenterOutput.swift in Sources */,
				F863FAD728AF8E46002EBDC5 /* AvailableCurrenciesInteractorOutput.swift in Sources */,
				F8EC1DAC28AFD79F007DDAB2 /* ChartPresenterOutput.swift in Sources */,
				F863FADE28AF8E46002EBDC5 /* AvailableCurrenciesInteractorDataSourceProtocol.swift in Sources */,
				F863FAD828AF8E46002EBDC5 /* AvailableCurrenciesPresenter.swift in Sources */,
				F863FA9B28AF8AD9002EBDC5 /* ViewController.swift in Sources */,
				F863FADA28AF8E46002EBDC5 /* AvailableCurrenciesInteractorInput.swift in Sources */,
				F863FAD928AF8E46002EBDC5 /* AvailableCurrenciesRouter.swift in Sources */,
				F863FAE328AF8E46002EBDC5 /* AvailableCurrenciesRouterProtocol.swift in Sources */,
				F8EC1DA728AFD79F007DDAB2 /* ChartInteractorModuleFactory.swift in Sources */,
				F8EC1DAD28AFD79F007DDAB2 /* ChartInteractorModuleFactoryProtocol.swift in Sources */,
				F8EC1DA328AFD79F007DDAB2 /* ChartInteractorOutput.swift in Sources */,
				F8EC1DA628AFD79F007DDAB2 /* ChartInteractorInput.swift in Sources */,
				F8EC1DA928AFD79F007DDAB2 /* ChartPresenterInput.swift in Sources */,
				F8EC1DA528AFD79F007DDAB2 /* ChartRouter.swift in Sources */,
				F8EC1DA428AFD79F007DDAB2 /* ChartPresenter.swift in Sources */,
				F863FA9728AF8AD9002EBDC5 /* AppDelegate.swift in Sources */,
				F863FADC28AF8E46002EBDC5 /* AvailableCurrenciesViewController.swift in Sources */,
				F8EC1DAF28AFD79F007DDAB2 /* ChartRouterProtocol.swift in Sources */,
				F86BF41328B036870018A1FC /* AvailableCurrenciesTableViewCell.swift in Sources */,
				F863FADD28AF8E46002EBDC5 /* AvailableCurrenciesPresenterInput.swift in Sources */,
				F8EC1DB028AFD79F007DDAB2 /* ChartInteractorDataSource.swift in Sources */,
				F86BF41628B038690018A1FC /* AvailableCurrenciesTableViewCellConfigurable.swift in Sources */,
				F863FAE228AF8E46002EBDC5 /* AvailableCurrenciesModuleFactory.swift in Sources */,
				F8EC1DAA28AFD79F007DDAB2 /* ChartInteractorDataSourceProtocol.swift in Sources */,
				F863FAE128AF8E46002EBDC5 /* AvailableCurrenciesInteractorModuleFactoryProtocol.swift in Sources */,
				F863FA9928AF8AD9002EBDC5 /* SceneDelegate.swift in Sources */,
				F863FAE428AF8E46002EBDC5 /* AvailableCurrenciesInteractorDataSource.swift in Sources */,
			);
			runOnlyForDeploymentPostprocessing = 0;
		};
		F863FAA528AF8ADE002EBDC5 /* Sources */ = {
			isa = PBXSourcesBuildPhase;
			buildActionMask = 2147483647;
			files = (
				F863FAAE28AF8ADE002EBDC5 /* AbjjadTaskTests.swift in Sources */,
			);
			runOnlyForDeploymentPostprocessing = 0;
		};
		F863FAAF28AF8ADE002EBDC5 /* Sources */ = {
			isa = PBXSourcesBuildPhase;
			buildActionMask = 2147483647;
			files = (
				F863FAB828AF8ADE002EBDC5 /* AbjjadTaskUITests.swift in Sources */,
				F863FABA28AF8ADE002EBDC5 /* AbjjadTaskUITestsLaunchTests.swift in Sources */,
			);
			runOnlyForDeploymentPostprocessing = 0;
		};
/* End PBXSourcesBuildPhase section */

/* Begin PBXTargetDependency section */
		F863FAAB28AF8ADE002EBDC5 /* PBXTargetDependency */ = {
			isa = PBXTargetDependency;
			target = F863FA9228AF8AD9002EBDC5 /* AbjjadTask */;
			targetProxy = F863FAAA28AF8ADE002EBDC5 /* PBXContainerItemProxy */;
		};
		F863FAB528AF8ADE002EBDC5 /* PBXTargetDependency */ = {
			isa = PBXTargetDependency;
			target = F863FA9228AF8AD9002EBDC5 /* AbjjadTask */;
			targetProxy = F863FAB428AF8ADE002EBDC5 /* PBXContainerItemProxy */;
		};
/* End PBXTargetDependency section */

/* Begin PBXVariantGroup section */
		F863FA9C28AF8AD9002EBDC5 /* Main.storyboard */ = {
			isa = PBXVariantGroup;
			children = (
				F863FA9D28AF8AD9002EBDC5 /* Base */,
			);
			name = Main.storyboard;
			sourceTree = "<group>";
		};
		F863FAA128AF8ADD002EBDC5 /* LaunchScreen.storyboard */ = {
			isa = PBXVariantGroup;
			children = (
				F863FAA228AF8ADD002EBDC5 /* Base */,
			);
			name = LaunchScreen.storyboard;
			sourceTree = "<group>";
		};
/* End PBXVariantGroup section */

/* Begin XCBuildConfiguration section */
		F863FABB28AF8ADE002EBDC5 /* Debug */ = {
			isa = XCBuildConfiguration;
			buildSettings = {
				ALWAYS_SEARCH_USER_PATHS = NO;
				CLANG_ANALYZER_NONNULL = YES;
				CLANG_ANALYZER_NUMBER_OBJECT_CONVERSION = YES_AGGRESSIVE;
				CLANG_CXX_LANGUAGE_STANDARD = "gnu++17";
				CLANG_CXX_LIBRARY = "libc++";
				CLANG_ENABLE_MODULES = YES;
				CLANG_ENABLE_OBJC_ARC = YES;
				CLANG_ENABLE_OBJC_WEAK = YES;
				CLANG_WARN_BLOCK_CAPTURE_AUTORELEASING = YES;
				CLANG_WARN_BOOL_CONVERSION = YES;
				CLANG_WARN_COMMA = YES;
				CLANG_WARN_CONSTANT_CONVERSION = YES;
				CLANG_WARN_DEPRECATED_OBJC_IMPLEMENTATIONS = YES;
				CLANG_WARN_DIRECT_OBJC_ISA_USAGE = YES_ERROR;
				CLANG_WARN_DOCUMENTATION_COMMENTS = YES;
				CLANG_WARN_EMPTY_BODY = YES;
				CLANG_WARN_ENUM_CONVERSION = YES;
				CLANG_WARN_INFINITE_RECURSION = YES;
				CLANG_WARN_INT_CONVERSION = YES;
				CLANG_WARN_NON_LITERAL_NULL_CONVERSION = YES;
				CLANG_WARN_OBJC_IMPLICIT_RETAIN_SELF = YES;
				CLANG_WARN_OBJC_LITERAL_CONVERSION = YES;
				CLANG_WARN_OBJC_ROOT_CLASS = YES_ERROR;
				CLANG_WARN_QUOTED_INCLUDE_IN_FRAMEWORK_HEADER = YES;
				CLANG_WARN_RANGE_LOOP_ANALYSIS = YES;
				CLANG_WARN_STRICT_PROTOTYPES = YES;
				CLANG_WARN_SUSPICIOUS_MOVE = YES;
				CLANG_WARN_UNGUARDED_AVAILABILITY = YES_AGGRESSIVE;
				CLANG_WARN_UNREACHABLE_CODE = YES;
				CLANG_WARN__DUPLICATE_METHOD_MATCH = YES;
				COPY_PHASE_STRIP = NO;
				DEBUG_INFORMATION_FORMAT = dwarf;
				ENABLE_STRICT_OBJC_MSGSEND = YES;
				ENABLE_TESTABILITY = YES;
				GCC_C_LANGUAGE_STANDARD = gnu11;
				GCC_DYNAMIC_NO_PIC = NO;
				GCC_NO_COMMON_BLOCKS = YES;
				GCC_OPTIMIZATION_LEVEL = 0;
				GCC_PREPROCESSOR_DEFINITIONS = (
					"DEBUG=1",
					"$(inherited)",
				);
				GCC_WARN_64_TO_32_BIT_CONVERSION = YES;
				GCC_WARN_ABOUT_RETURN_TYPE = YES_ERROR;
				GCC_WARN_UNDECLARED_SELECTOR = YES;
				GCC_WARN_UNINITIALIZED_AUTOS = YES_AGGRESSIVE;
				GCC_WARN_UNUSED_FUNCTION = YES;
				GCC_WARN_UNUSED_VARIABLE = YES;
				IPHONEOS_DEPLOYMENT_TARGET = 15.0;
				MTL_ENABLE_DEBUG_INFO = INCLUDE_SOURCE;
				MTL_FAST_MATH = YES;
				ONLY_ACTIVE_ARCH = YES;
				SDKROOT = iphoneos;
				SWIFT_ACTIVE_COMPILATION_CONDITIONS = DEBUG;
				SWIFT_OPTIMIZATION_LEVEL = "-Onone";
			};
			name = Debug;
		};
		F863FABC28AF8ADE002EBDC5 /* Release */ = {
			isa = XCBuildConfiguration;
			buildSettings = {
				ALWAYS_SEARCH_USER_PATHS = NO;
				CLANG_ANALYZER_NONNULL = YES;
				CLANG_ANALYZER_NUMBER_OBJECT_CONVERSION = YES_AGGRESSIVE;
				CLANG_CXX_LANGUAGE_STANDARD = "gnu++17";
				CLANG_CXX_LIBRARY = "libc++";
				CLANG_ENABLE_MODULES = YES;
				CLANG_ENABLE_OBJC_ARC = YES;
				CLANG_ENABLE_OBJC_WEAK = YES;
				CLANG_WARN_BLOCK_CAPTURE_AUTORELEASING = YES;
				CLANG_WARN_BOOL_CONVERSION = YES;
				CLANG_WARN_COMMA = YES;
				CLANG_WARN_CONSTANT_CONVERSION = YES;
				CLANG_WARN_DEPRECATED_OBJC_IMPLEMENTATIONS = YES;
				CLANG_WARN_DIRECT_OBJC_ISA_USAGE = YES_ERROR;
				CLANG_WARN_DOCUMENTATION_COMMENTS = YES;
				CLANG_WARN_EMPTY_BODY = YES;
				CLANG_WARN_ENUM_CONVERSION = YES;
				CLANG_WARN_INFINITE_RECURSION = YES;
				CLANG_WARN_INT_CONVERSION = YES;
				CLANG_WARN_NON_LITERAL_NULL_CONVERSION = YES;
				CLANG_WARN_OBJC_IMPLICIT_RETAIN_SELF = YES;
				CLANG_WARN_OBJC_LITERAL_CONVERSION = YES;
				CLANG_WARN_OBJC_ROOT_CLASS = YES_ERROR;
				CLANG_WARN_QUOTED_INCLUDE_IN_FRAMEWORK_HEADER = YES;
				CLANG_WARN_RANGE_LOOP_ANALYSIS = YES;
				CLANG_WARN_STRICT_PROTOTYPES = YES;
				CLANG_WARN_SUSPICIOUS_MOVE = YES;
				CLANG_WARN_UNGUARDED_AVAILABILITY = YES_AGGRESSIVE;
				CLANG_WARN_UNREACHABLE_CODE = YES;
				CLANG_WARN__DUPLICATE_METHOD_MATCH = YES;
				COPY_PHASE_STRIP = NO;
				DEBUG_INFORMATION_FORMAT = "dwarf-with-dsym";
				ENABLE_NS_ASSERTIONS = NO;
				ENABLE_STRICT_OBJC_MSGSEND = YES;
				GCC_C_LANGUAGE_STANDARD = gnu11;
				GCC_NO_COMMON_BLOCKS = YES;
				GCC_WARN_64_TO_32_BIT_CONVERSION = YES;
				GCC_WARN_ABOUT_RETURN_TYPE = YES_ERROR;
				GCC_WARN_UNDECLARED_SELECTOR = YES;
				GCC_WARN_UNINITIALIZED_AUTOS = YES_AGGRESSIVE;
				GCC_WARN_UNUSED_FUNCTION = YES;
				GCC_WARN_UNUSED_VARIABLE = YES;
				IPHONEOS_DEPLOYMENT_TARGET = 15.0;
				MTL_ENABLE_DEBUG_INFO = NO;
				MTL_FAST_MATH = YES;
				SDKROOT = iphoneos;
				SWIFT_COMPILATION_MODE = wholemodule;
				SWIFT_OPTIMIZATION_LEVEL = "-O";
				VALIDATE_PRODUCT = YES;
			};
			name = Release;
		};
		F863FABE28AF8ADE002EBDC5 /* Debug */ = {
			isa = XCBuildConfiguration;
			baseConfigurationReference = FC7213A87677083654057C49 /* Pods-AbjjadTask.debug.xcconfig */;
			buildSettings = {
				ASSETCATALOG_COMPILER_APPICON_NAME = AppIcon;
				ASSETCATALOG_COMPILER_GLOBAL_ACCENT_COLOR_NAME = AccentColor;
				CODE_SIGN_STYLE = Automatic;
				CURRENT_PROJECT_VERSION = 1;
				GENERATE_INFOPLIST_FILE = YES;
				INFOPLIST_FILE = AbjjadTask/Info.plist;
				INFOPLIST_KEY_UIApplicationSupportsIndirectInputEvents = YES;
				INFOPLIST_KEY_UILaunchStoryboardName = LaunchScreen;
				INFOPLIST_KEY_UIMainStoryboardFile = Main;
				INFOPLIST_KEY_UISupportedInterfaceOrientations_iPad = "UIInterfaceOrientationPortrait UIInterfaceOrientationPortraitUpsideDown UIInterfaceOrientationLandscapeLeft UIInterfaceOrientationLandscapeRight";
				INFOPLIST_KEY_UISupportedInterfaceOrientations_iPhone = "UIInterfaceOrientationPortrait UIInterfaceOrientationLandscapeLeft UIInterfaceOrientationLandscapeRight";
				LD_RUNPATH_SEARCH_PATHS = (
					"$(inherited)",
					"@executable_path/Frameworks",
				);
				MARKETING_VERSION = 1.0;
				PRODUCT_BUNDLE_IDENTIFIER = com.AbjjadTask;
				PRODUCT_NAME = "$(TARGET_NAME)";
				SWIFT_EMIT_LOC_STRINGS = YES;
				SWIFT_VERSION = 5.0;
				TARGETED_DEVICE_FAMILY = "1,2";
			};
			name = Debug;
		};
		F863FABF28AF8ADE002EBDC5 /* Release */ = {
			isa = XCBuildConfiguration;
			baseConfigurationReference = 9F0968FD84E5E72914294538 /* Pods-AbjjadTask.release.xcconfig */;
			buildSettings = {
				ASSETCATALOG_COMPILER_APPICON_NAME = AppIcon;
				ASSETCATALOG_COMPILER_GLOBAL_ACCENT_COLOR_NAME = AccentColor;
				CODE_SIGN_STYLE = Automatic;
				CURRENT_PROJECT_VERSION = 1;
				GENERATE_INFOPLIST_FILE = YES;
				INFOPLIST_FILE = AbjjadTask/Info.plist;
				INFOPLIST_KEY_UIApplicationSupportsIndirectInputEvents = YES;
				INFOPLIST_KEY_UILaunchStoryboardName = LaunchScreen;
				INFOPLIST_KEY_UIMainStoryboardFile = Main;
				INFOPLIST_KEY_UISupportedInterfaceOrientations_iPad = "UIInterfaceOrientationPortrait UIInterfaceOrientationPortraitUpsideDown UIInterfaceOrientationLandscapeLeft UIInterfaceOrientationLandscapeRight";
				INFOPLIST_KEY_UISupportedInterfaceOrientations_iPhone = "UIInterfaceOrientationPortrait UIInterfaceOrientationLandscapeLeft UIInterfaceOrientationLandscapeRight";
				LD_RUNPATH_SEARCH_PATHS = (
					"$(inherited)",
					"@executable_path/Frameworks",
				);
				MARKETING_VERSION = 1.0;
				PRODUCT_BUNDLE_IDENTIFIER = com.AbjjadTask;
				PRODUCT_NAME = "$(TARGET_NAME)";
				SWIFT_EMIT_LOC_STRINGS = YES;
				SWIFT_VERSION = 5.0;
				TARGETED_DEVICE_FAMILY = "1,2";
			};
			name = Release;
		};
		F863FAC128AF8ADE002EBDC5 /* Debug */ = {
			isa = XCBuildConfiguration;
			baseConfigurationReference = 06D7DA770471C72E81850774 /* Pods-AbjjadTaskTests.debug.xcconfig */;
			buildSettings = {
				ALWAYS_EMBED_SWIFT_STANDARD_LIBRARIES = YES;
				BUNDLE_LOADER = "$(TEST_HOST)";
				CODE_SIGN_STYLE = Automatic;
				CURRENT_PROJECT_VERSION = 1;
				GENERATE_INFOPLIST_FILE = YES;
				IPHONEOS_DEPLOYMENT_TARGET = 15.0;
				LD_RUNPATH_SEARCH_PATHS = (
					"$(inherited)",
					"@executable_path/Frameworks",
					"@loader_path/Frameworks",
				);
				MARKETING_VERSION = 1.0;
				PRODUCT_BUNDLE_IDENTIFIER = com.AbjjadTaskTests;
				PRODUCT_NAME = "$(TARGET_NAME)";
				SWIFT_EMIT_LOC_STRINGS = NO;
				SWIFT_VERSION = 5.0;
				TARGETED_DEVICE_FAMILY = "1,2";
				TEST_HOST = "$(BUILT_PRODUCTS_DIR)/AbjjadTask.app/AbjjadTask";
			};
			name = Debug;
		};
		F863FAC228AF8ADE002EBDC5 /* Release */ = {
			isa = XCBuildConfiguration;
			baseConfigurationReference = 6EC475B6907EF77F5F4CD394 /* Pods-AbjjadTaskTests.release.xcconfig */;
			buildSettings = {
				ALWAYS_EMBED_SWIFT_STANDARD_LIBRARIES = YES;
				BUNDLE_LOADER = "$(TEST_HOST)";
				CODE_SIGN_STYLE = Automatic;
				CURRENT_PROJECT_VERSION = 1;
				GENERATE_INFOPLIST_FILE = YES;
				IPHONEOS_DEPLOYMENT_TARGET = 15.0;
				LD_RUNPATH_SEARCH_PATHS = (
					"$(inherited)",
					"@executable_path/Frameworks",
					"@loader_path/Frameworks",
				);
				MARKETING_VERSION = 1.0;
				PRODUCT_BUNDLE_IDENTIFIER = com.AbjjadTaskTests;
				PRODUCT_NAME = "$(TARGET_NAME)";
				SWIFT_EMIT_LOC_STRINGS = NO;
				SWIFT_VERSION = 5.0;
				TARGETED_DEVICE_FAMILY = "1,2";
				TEST_HOST = "$(BUILT_PRODUCTS_DIR)/AbjjadTask.app/AbjjadTask";
			};
			name = Release;
		};
		F863FAC428AF8ADE002EBDC5 /* Debug */ = {
			isa = XCBuildConfiguration;
			baseConfigurationReference = E9168EF8F8CDD1F5FD6E2585 /* Pods-AbjjadTask-AbjjadTaskUITests.debug.xcconfig */;
			buildSettings = {
				ALWAYS_EMBED_SWIFT_STANDARD_LIBRARIES = YES;
				CODE_SIGN_STYLE = Automatic;
				CURRENT_PROJECT_VERSION = 1;
				GENERATE_INFOPLIST_FILE = YES;
				LD_RUNPATH_SEARCH_PATHS = (
					"$(inherited)",
					"@executable_path/Frameworks",
					"@loader_path/Frameworks",
				);
				MARKETING_VERSION = 1.0;
				PRODUCT_BUNDLE_IDENTIFIER = com.AbjjadTaskUITests;
				PRODUCT_NAME = "$(TARGET_NAME)";
				SWIFT_EMIT_LOC_STRINGS = NO;
				SWIFT_VERSION = 5.0;
				TARGETED_DEVICE_FAMILY = "1,2";
				TEST_TARGET_NAME = AbjjadTask;
			};
			name = Debug;
		};
		F863FAC528AF8ADE002EBDC5 /* Release */ = {
			isa = XCBuildConfiguration;
			baseConfigurationReference = B97DADDA75BA39FEE4B6131F /* Pods-AbjjadTask-AbjjadTaskUITests.release.xcconfig */;
			buildSettings = {
				ALWAYS_EMBED_SWIFT_STANDARD_LIBRARIES = YES;
				CODE_SIGN_STYLE = Automatic;
				CURRENT_PROJECT_VERSION = 1;
				GENERATE_INFOPLIST_FILE = YES;
				LD_RUNPATH_SEARCH_PATHS = (
					"$(inherited)",
					"@executable_path/Frameworks",
					"@loader_path/Frameworks",
				);
				MARKETING_VERSION = 1.0;
				PRODUCT_BUNDLE_IDENTIFIER = com.AbjjadTaskUITests;
				PRODUCT_NAME = "$(TARGET_NAME)";
				SWIFT_EMIT_LOC_STRINGS = NO;
				SWIFT_VERSION = 5.0;
				TARGETED_DEVICE_FAMILY = "1,2";
				TEST_TARGET_NAME = AbjjadTask;
			};
			name = Release;
		};
/* End XCBuildConfiguration section */

/* Begin XCConfigurationList section */
		F863FA8E28AF8AD9002EBDC5 /* Build configuration list for PBXProject "AbjjadTask" */ = {
			isa = XCConfigurationList;
			buildConfigurations = (
				F863FABB28AF8ADE002EBDC5 /* Debug */,
				F863FABC28AF8ADE002EBDC5 /* Release */,
			);
			defaultConfigurationIsVisible = 0;
			defaultConfigurationName = Release;
		};
		F863FABD28AF8ADE002EBDC5 /* Build configuration list for PBXNativeTarget "AbjjadTask" */ = {
			isa = XCConfigurationList;
			buildConfigurations = (
				F863FABE28AF8ADE002EBDC5 /* Debug */,
				F863FABF28AF8ADE002EBDC5 /* Release */,
			);
			defaultConfigurationIsVisible = 0;
			defaultConfigurationName = Release;
		};
		F863FAC028AF8ADE002EBDC5 /* Build configuration list for PBXNativeTarget "AbjjadTaskTests" */ = {
			isa = XCConfigurationList;
			buildConfigurations = (
				F863FAC128AF8ADE002EBDC5 /* Debug */,
				F863FAC228AF8ADE002EBDC5 /* Release */,
			);
			defaultConfigurationIsVisible = 0;
			defaultConfigurationName = Release;
		};
		F863FAC328AF8ADE002EBDC5 /* Build configuration list for PBXNativeTarget "AbjjadTaskUITests" */ = {
			isa = XCConfigurationList;
			buildConfigurations = (
				F863FAC428AF8ADE002EBDC5 /* Debug */,
				F863FAC528AF8ADE002EBDC5 /* Release */,
			);
			defaultConfigurationIsVisible = 0;
			defaultConfigurationName = Release;
		};
/* End XCConfigurationList section */

/* Begin XCRemoteSwiftPackageReference section */
		F81B95A528B1299C00B17FB5 /* XCRemoteSwiftPackageReference "Alamofire" */ = {
			isa = XCRemoteSwiftPackageReference;
			repositoryURL = "https://github.com/Alamofire/Alamofire.git";
			requirement = {
				branch = master;
				kind = branch;
			};
		};
/* End XCRemoteSwiftPackageReference section */

/* Begin XCSwiftPackageProductDependency section */
		F81B95A628B1299C00B17FB5 /* Alamofire */ = {
			isa = XCSwiftPackageProductDependency;
			package = F81B95A528B1299C00B17FB5 /* XCRemoteSwiftPackageReference "Alamofire" */;
			productName = Alamofire;
		};
/* End XCSwiftPackageProductDependency section */
	};
	rootObject = F863FA8B28AF8AD9002EBDC5 /* Project object */;
}
